
Microsoft Visual Studio Solution File, Format Version 12.00
# Visual Studio Version 17
VisualStudioVersion = 17.6.33829.357
MinimumVisualStudioVersion = 10.0.40219.1
Project("{FAE04EC0-301F-11D3-BF4B-00C04F79EFBC}") = "reverse array", "reverse array\reverse array.csproj", "{29911530-F523-4C2E-819D-0BB91127A65C}"
EndProject
Global
	GlobalSection(SolutionConfigurationPlatforms) = preSolution
		Debug|Any CPU = Debug|Any CPU
		Release|Any CPU = Release|Any CPU
	EndGlobalSection
	GlobalSection(ProjectConfigurationPlatforms) = postSolution
		{29911530-F523-4C2E-819D-0BB91127A65C}.Debug|Any CPU.ActiveCfg = Debug|Any CPU
		{29911530-F523-4C2E-819D-0BB91127A65C}.Debug|Any CPU.Build.0 = Debug|Any CPU
		{29911530-F523-4C2E-819D-0BB91127A65C}.Release|Any CPU.ActiveCfg = Release|Any CPU
		{29911530-F523-4C2E-819D-0BB91127A65C}.Release|Any CPU.Build.0 = Release|Any CPU
	EndGlobalSection
	GlobalSection(SolutionProperties) = preSolution
		HideSolutionNode = FALSE
	EndGlobalSection
	GlobalSection(ExtensibilityGlobals) = postSolution
		SolutionGuid = {D9568317-2D2B-41DC-9B36-C223AFE883D4}
	EndGlobalSection
EndGlobal
